
Microsoft Visual Studio Solution File, Format Version 12.00
Project("{FAE04EC0-301F-11D3-BF4B-00C04F79EFBC}") = "FactoryMethod", "FactoryMethod\FactoryMethod.csproj", "{71C67EAE-6928-424D-956C-83FBBBEC5D5C}"
EndProject
Project("{FAE04EC0-301F-11D3-BF4B-00C04F79EFBC}") = "AbstractFactory", "AbstractFactory\AbstractFactory.csproj", "{1F72F683-C5E4-458A-85FD-97A1A96DC926}"
EndProject
Project("{FAE04EC0-301F-11D3-BF4B-00C04F79EFBC}") = "Builder", "Builder\Builder.csproj", "{9B25FCBA-FCE4-4752-90D3-9F100ED76378}"
EndProject
Project("{FAE04EC0-301F-11D3-BF4B-00C04F79EFBC}") = "Prototype", "Prototype\Prototype.csproj", "{61C33362-5EE5-455F-BBD9-BE966BD8E029}"
EndProject
Project("{FAE04EC0-301F-11D3-BF4B-00C04F79EFBC}") = "Singleton", "Singleton\Singleton.csproj", "{23DB0471-BD47-4D4D-86DF-79246B9F6B4D}"
EndProject
Project("{FAE04EC0-301F-11D3-BF4B-00C04F79EFBC}") = "Adapter", "Adapter\Adapter.csproj", "{154FEC77-589A-4C53-9FE2-D815D045CDAE}"
EndProject
Project("{FAE04EC0-301F-11D3-BF4B-00C04F79EFBC}") = "Bridge", "Bridge\Bridge.csproj", "{2CE606FF-F71C-4FF6-8295-476FD952E72C}"
EndProject
Project("{FAE04EC0-301F-11D3-BF4B-00C04F79EFBC}") = "Composite", "Composite\Composite.csproj", "{88EEA936-399F-40A2-9667-5881208811B9}"
EndProject
Project("{FAE04EC0-301F-11D3-BF4B-00C04F79EFBC}") = "Decorator", "Decorator\Decorator.csproj", "{AE2561F8-35DB-4F18-A6AD-01E40499FED2}"
EndProject
Project("{FAE04EC0-301F-11D3-BF4B-00C04F79EFBC}") = "Facade", "Facade\Facade.csproj", "{0EDE5C41-AC32-4CF1-827C-8B4CCD8901D6}"
EndProject
Project("{FAE04EC0-301F-11D3-BF4B-00C04F79EFBC}") = "Flyweight", "Flyweight\Flyweight.csproj", "{77A685DA-B7BA-4B5F-9739-E1B007226E50}"
EndProject
Project("{FAE04EC0-301F-11D3-BF4B-00C04F79EFBC}") = "Proxy", "Proxy\Proxy.csproj", "{D9C7B36A-CDA5-4B75-AEA3-1ED46B3EBF5B}"
EndProject
Project("{FAE04EC0-301F-11D3-BF4B-00C04F79EFBC}") = "ChainOfResponsibility", "ChainOfResponsibility\ChainOfResponsibility.csproj", "{3620D1BB-7782-42C4-8939-362C18E9DACA}"
EndProject
Project("{FAE04EC0-301F-11D3-BF4B-00C04F79EFBC}") = "Command", "Command\Command.csproj", "{DE0C2284-F486-4B10-A76F-C6F871BF8AB3}"
EndProject
Project("{FAE04EC0-301F-11D3-BF4B-00C04F79EFBC}") = "Iterator", "Iterator\Iterator.csproj", "{23698C23-8016-4D8B-B363-94BD2991116E}"
EndProject
Project("{FAE04EC0-301F-11D3-BF4B-00C04F79EFBC}") = "Mediator", "Mediator\Mediator.csproj", "{80E75829-98E5-4A39-A538-76A1CAFCC4B5}"
EndProject
Project("{FAE04EC0-301F-11D3-BF4B-00C04F79EFBC}") = "Memento", "Memento\Memento.csproj", "{6D78CBC6-DF99-44BD-B942-C5C9D7CC6954}"
EndProject
Project("{FAE04EC0-301F-11D3-BF4B-00C04F79EFBC}") = "Observer", "Observer\Observer.csproj", "{FC8A54AA-9E51-4B1A-945B-84A3BE0E341B}"
EndProject
Project("{FAE04EC0-301F-11D3-BF4B-00C04F79EFBC}") = "State", "State\State.csproj", "{C0F7F678-BDA7-4D73-8BE0-79DE009C2F27}"
EndProject
Project("{FAE04EC0-301F-11D3-BF4B-00C04F79EFBC}") = "Strategy", "Strategy\Strategy.csproj", "{21A0B70C-30DC-488D-98B9-8D5E524C78E6}"
EndProject
Project("{FAE04EC0-301F-11D3-BF4B-00C04F79EFBC}") = "TemplateMethod", "TemplateMethod\TemplateMethod.csproj", "{FD8EFF07-DED0-468C-B811-88849C1587DA}"
EndProject
Project("{FAE04EC0-301F-11D3-BF4B-00C04F79EFBC}") = "Visitor", "Visitor\Visitor.csproj", "{8747522A-A705-4C87-B0DD-ECB2E90F7038}"
EndProject
Global
	GlobalSection(SolutionConfigurationPlatforms) = preSolution
		Debug|Any CPU = Debug|Any CPU
		Release|Any CPU = Release|Any CPU
	EndGlobalSection
	GlobalSection(ProjectConfigurationPlatforms) = postSolution
		{71C67EAE-6928-424D-956C-83FBBBEC5D5C}.Debug|Any CPU.ActiveCfg = Debug|Any CPU
		{71C67EAE-6928-424D-956C-83FBBBEC5D5C}.Debug|Any CPU.Build.0 = Debug|Any CPU
		{71C67EAE-6928-424D-956C-83FBBBEC5D5C}.Release|Any CPU.ActiveCfg = Release|Any CPU
		{71C67EAE-6928-424D-956C-83FBBBEC5D5C}.Release|Any CPU.Build.0 = Release|Any CPU
		{1F72F683-C5E4-458A-85FD-97A1A96DC926}.Debug|Any CPU.ActiveCfg = Debug|Any CPU
		{1F72F683-C5E4-458A-85FD-97A1A96DC926}.Debug|Any CPU.Build.0 = Debug|Any CPU
		{1F72F683-C5E4-458A-85FD-97A1A96DC926}.Release|Any CPU.ActiveCfg = Release|Any CPU
		{1F72F683-C5E4-458A-85FD-97A1A96DC926}.Release|Any CPU.Build.0 = Release|Any CPU
		{9B25FCBA-FCE4-4752-90D3-9F100ED76378}.Debug|Any CPU.ActiveCfg = Debug|Any CPU
		{9B25FCBA-FCE4-4752-90D3-9F100ED76378}.Debug|Any CPU.Build.0 = Debug|Any CPU
		{9B25FCBA-FCE4-4752-90D3-9F100ED76378}.Release|Any CPU.ActiveCfg = Release|Any CPU
		{9B25FCBA-FCE4-4752-90D3-9F100ED76378}.Release|Any CPU.Build.0 = Release|Any CPU
		{61C33362-5EE5-455F-BBD9-BE966BD8E029}.Debug|Any CPU.ActiveCfg = Debug|Any CPU
		{61C33362-5EE5-455F-BBD9-BE966BD8E029}.Debug|Any CPU.Build.0 = Debug|Any CPU
		{61C33362-5EE5-455F-BBD9-BE966BD8E029}.Release|Any CPU.ActiveCfg = Release|Any CPU
		{61C33362-5EE5-455F-BBD9-BE966BD8E029}.Release|Any CPU.Build.0 = Release|Any CPU
		{23DB0471-BD47-4D4D-86DF-79246B9F6B4D}.Debug|Any CPU.ActiveCfg = Debug|Any CPU
		{23DB0471-BD47-4D4D-86DF-79246B9F6B4D}.Debug|Any CPU.Build.0 = Debug|Any CPU
		{23DB0471-BD47-4D4D-86DF-79246B9F6B4D}.Release|Any CPU.ActiveCfg = Release|Any CPU
		{23DB0471-BD47-4D4D-86DF-79246B9F6B4D}.Release|Any CPU.Build.0 = Release|Any CPU
		{154FEC77-589A-4C53-9FE2-D815D045CDAE}.Debug|Any CPU.ActiveCfg = Debug|Any CPU
		{154FEC77-589A-4C53-9FE2-D815D045CDAE}.Debug|Any CPU.Build.0 = Debug|Any CPU
		{154FEC77-589A-4C53-9FE2-D815D045CDAE}.Release|Any CPU.ActiveCfg = Release|Any CPU
		{154FEC77-589A-4C53-9FE2-D815D045CDAE}.Release|Any CPU.Build.0 = Release|Any CPU
		{2CE606FF-F71C-4FF6-8295-476FD952E72C}.Debug|Any CPU.ActiveCfg = Debug|Any CPU
		{2CE606FF-F71C-4FF6-8295-476FD952E72C}.Debug|Any CPU.Build.0 = Debug|Any CPU
		{2CE606FF-F71C-4FF6-8295-476FD952E72C}.Release|Any CPU.ActiveCfg = Release|Any CPU
		{2CE606FF-F71C-4FF6-8295-476FD952E72C}.Release|Any CPU.Build.0 = Release|Any CPU
		{88EEA936-399F-40A2-9667-5881208811B9}.Debug|Any CPU.ActiveCfg = Debug|Any CPU
		{88EEA936-399F-40A2-9667-5881208811B9}.Debug|Any CPU.Build.0 = Debug|Any CPU
		{88EEA936-399F-40A2-9667-5881208811B9}.Release|Any CPU.ActiveCfg = Release|Any CPU
		{88EEA936-399F-40A2-9667-5881208811B9}.Release|Any CPU.Build.0 = Release|Any CPU
		{AE2561F8-35DB-4F18-A6AD-01E40499FED2}.Debug|Any CPU.ActiveCfg = Debug|Any CPU
		{AE2561F8-35DB-4F18-A6AD-01E40499FED2}.Debug|Any CPU.Build.0 = Debug|Any CPU
		{AE2561F8-35DB-4F18-A6AD-01E40499FED2}.Release|Any CPU.ActiveCfg = Release|Any CPU
		{AE2561F8-35DB-4F18-A6AD-01E40499FED2}.Release|Any CPU.Build.0 = Release|Any CPU
		{0EDE5C41-AC32-4CF1-827C-8B4CCD8901D6}.Debug|Any CPU.ActiveCfg = Debug|Any CPU
		{0EDE5C41-AC32-4CF1-827C-8B4CCD8901D6}.Debug|Any CPU.Build.0 = Debug|Any CPU
		{0EDE5C41-AC32-4CF1-827C-8B4CCD8901D6}.Release|Any CPU.ActiveCfg = Release|Any CPU
		{0EDE5C41-AC32-4CF1-827C-8B4CCD8901D6}.Release|Any CPU.Build.0 = Release|Any CPU
		{77A685DA-B7BA-4B5F-9739-E1B007226E50}.Debug|Any CPU.ActiveCfg = Debug|Any CPU
		{77A685DA-B7BA-4B5F-9739-E1B007226E50}.Debug|Any CPU.Build.0 = Debug|Any CPU
		{77A685DA-B7BA-4B5F-9739-E1B007226E50}.Release|Any CPU.ActiveCfg = Release|Any CPU
		{77A685DA-B7BA-4B5F-9739-E1B007226E50}.Release|Any CPU.Build.0 = Release|Any CPU
		{D9C7B36A-CDA5-4B75-AEA3-1ED46B3EBF5B}.Debug|Any CPU.ActiveCfg = Debug|Any CPU
		{D9C7B36A-CDA5-4B75-AEA3-1ED46B3EBF5B}.Debug|Any CPU.Build.0 = Debug|Any CPU
		{D9C7B36A-CDA5-4B75-AEA3-1ED46B3EBF5B}.Release|Any CPU.ActiveCfg = Release|Any CPU
		{D9C7B36A-CDA5-4B75-AEA3-1ED46B3EBF5B}.Release|Any CPU.Build.0 = Release|Any CPU
		{3620D1BB-7782-42C4-8939-362C18E9DACA}.Debug|Any CPU.ActiveCfg = Debug|Any CPU
		{3620D1BB-7782-42C4-8939-362C18E9DACA}.Debug|Any CPU.Build.0 = Debug|Any CPU
		{3620D1BB-7782-42C4-8939-362C18E9DACA}.Release|Any CPU.ActiveCfg = Release|Any CPU
		{3620D1BB-7782-42C4-8939-362C18E9DACA}.Release|Any CPU.Build.0 = Release|Any CPU
		{DE0C2284-F486-4B10-A76F-C6F871BF8AB3}.Debug|Any CPU.ActiveCfg = Debug|Any CPU
		{DE0C2284-F486-4B10-A76F-C6F871BF8AB3}.Debug|Any CPU.Build.0 = Debug|Any CPU
		{DE0C2284-F486-4B10-A76F-C6F871BF8AB3}.Release|Any CPU.ActiveCfg = Release|Any CPU
		{DE0C2284-F486-4B10-A76F-C6F871BF8AB3}.Release|Any CPU.Build.0 = Release|Any CPU
		{23698C23-8016-4D8B-B363-94BD2991116E}.Debug|Any CPU.ActiveCfg = Debug|Any CPU
		{23698C23-8016-4D8B-B363-94BD2991116E}.Debug|Any CPU.Build.0 = Debug|Any CPU
		{23698C23-8016-4D8B-B363-94BD2991116E}.Release|Any CPU.ActiveCfg = Release|Any CPU
		{23698C23-8016-4D8B-B363-94BD2991116E}.Release|Any CPU.Build.0 = Release|Any CPU
		{80E75829-98E5-4A39-A538-76A1CAFCC4B5}.Debug|Any CPU.ActiveCfg = Debug|Any CPU
		{80E75829-98E5-4A39-A538-76A1CAFCC4B5}.Debug|Any CPU.Build.0 = Debug|Any CPU
		{80E75829-98E5-4A39-A538-76A1CAFCC4B5}.Release|Any CPU.ActiveCfg = Release|Any CPU
		{80E75829-98E5-4A39-A538-76A1CAFCC4B5}.Release|Any CPU.Build.0 = Release|Any CPU
		{6D78CBC6-DF99-44BD-B942-C5C9D7CC6954}.Debug|Any CPU.ActiveCfg = Debug|Any CPU
		{6D78CBC6-DF99-44BD-B942-C5C9D7CC6954}.Debug|Any CPU.Build.0 = Debug|Any CPU
		{6D78CBC6-DF99-44BD-B942-C5C9D7CC6954}.Release|Any CPU.ActiveCfg = Release|Any CPU
		{6D78CBC6-DF99-44BD-B942-C5C9D7CC6954}.Release|Any CPU.Build.0 = Release|Any CPU
		{FC8A54AA-9E51-4B1A-945B-84A3BE0E341B}.Debug|Any CPU.ActiveCfg = Debug|Any CPU
		{FC8A54AA-9E51-4B1A-945B-84A3BE0E341B}.Debug|Any CPU.Build.0 = Debug|Any CPU
		{FC8A54AA-9E51-4B1A-945B-84A3BE0E341B}.Release|Any CPU.ActiveCfg = Release|Any CPU
		{FC8A54AA-9E51-4B1A-945B-84A3BE0E341B}.Release|Any CPU.Build.0 = Release|Any CPU
		{C0F7F678-BDA7-4D73-8BE0-79DE009C2F27}.Debug|Any CPU.ActiveCfg = Debug|Any CPU
		{C0F7F678-BDA7-4D73-8BE0-79DE009C2F27}.Debug|Any CPU.Build.0 = Debug|Any CPU
		{C0F7F678-BDA7-4D73-8BE0-79DE009C2F27}.Release|Any CPU.ActiveCfg = Release|Any CPU
		{C0F7F678-BDA7-4D73-8BE0-79DE009C2F27}.Release|Any CPU.Build.0 = Release|Any CPU
		{21A0B70C-30DC-488D-98B9-8D5E524C78E6}.Debug|Any CPU.ActiveCfg = Debug|Any CPU
		{21A0B70C-30DC-488D-98B9-8D5E524C78E6}.Debug|Any CPU.Build.0 = Debug|Any CPU
		{21A0B70C-30DC-488D-98B9-8D5E524C78E6}.Release|Any CPU.ActiveCfg = Release|Any CPU
		{21A0B70C-30DC-488D-98B9-8D5E524C78E6}.Release|Any CPU.Build.0 = Release|Any CPU
		{FD8EFF07-DED0-468C-B811-88849C1587DA}.Debug|Any CPU.ActiveCfg = Debug|Any CPU
		{FD8EFF07-DED0-468C-B811-88849C1587DA}.Debug|Any CPU.Build.0 = Debug|Any CPU
		{FD8EFF07-DED0-468C-B811-88849C1587DA}.Release|Any CPU.ActiveCfg = Release|Any CPU
		{FD8EFF07-DED0-468C-B811-88849C1587DA}.Release|Any CPU.Build.0 = Release|Any CPU
		{8747522A-A705-4C87-B0DD-ECB2E90F7038}.Debug|Any CPU.ActiveCfg = Debug|Any CPU
		{8747522A-A705-4C87-B0DD-ECB2E90F7038}.Debug|Any CPU.Build.0 = Debug|Any CPU
		{8747522A-A705-4C87-B0DD-ECB2E90F7038}.Release|Any CPU.ActiveCfg = Release|Any CPU
		{8747522A-A705-4C87-B0DD-ECB2E90F7038}.Release|Any CPU.Build.0 = Release|Any CPU
	EndGlobalSection
EndGlobal
